
Microsoft Visual Studio Solution File, Format Version 12.00
# Visual Studio Version 16
VisualStudioVersion = 16.0.31727.386
MinimumVisualStudioVersion = 10.0.40219.1
Project("{8BC9CEB8-8B4A-11D0-8D11-00A0C91BC942}") = "PO1", "PO1\PO1.vcxproj", "{2D05C3BC-85E1-4039-81D9-02E8ACF2848E}"
EndProject
Global
	GlobalSection(SolutionConfigurationPlatforms) = preSolution
		Debug|x64 = Debug|x64
		Debug|x86 = Debug|x86
		Release|x64 = Release|x64
		Release|x86 = Release|x86
	EndGlobalSection
	GlobalSection(ProjectConfigurationPlatforms) = postSolution
		{2D05C3BC-85E1-4039-81D9-02E8ACF2848E}.Debug|x64.ActiveCfg = Debug|x64
		{2D05C3BC-85E1-4039-81D9-02E8ACF2848E}.Debug|x64.Build.0 = Debug|x64
		{2D05C3BC-85E1-4039-81D9-02E8ACF2848E}.Debug|x86.ActiveCfg = Debug|Win32
		{2D05C3BC-85E1-4039-81D9-02E8ACF2848E}.Debug|x86.Build.0 = Debug|Win32
		{2D05C3BC-85E1-4039-81D9-02E8ACF2848E}.Release|x64.ActiveCfg = Release|x64
		{2D05C3BC-85E1-4039-81D9-02E8ACF2848E}.Release|x64.Build.0 = Release|x64
		{2D05C3BC-85E1-4039-81D9-02E8ACF2848E}.Release|x86.ActiveCfg = Release|Win32
		{2D05C3BC-85E1-4039-81D9-02E8ACF2848E}.Release|x86.Build.0 = Release|Win32
	EndGlobalSection
	GlobalSection(SolutionProperties) = preSolution
		HideSolutionNode = FALSE
	EndGlobalSection
	GlobalSection(ExtensibilityGlobals) = postSolution
		SolutionGuid = {BD72C40C-389B-4291-B151-20B74FEF2F45}
	EndGlobalSection
EndGlobal
